
Microsoft Visual Studio Solution File, Format Version 12.00
# Visual Studio Version 17
VisualStudioVersion = 17.5.33424.131
MinimumVisualStudioVersion = 10.0.40219.1
Project("{FAE04EC0-301F-11D3-BF4B-00C04F79EFBC}") = "WpfExplorer", "WpfExplorer.csproj", "{0AFD0F6B-CADF-4B10-89E9-A857A88AD7B2}"
EndProject
Global
	GlobalSection(SolutionConfigurationPlatforms) = preSolution
		Debug|Any CPU = Debug|Any CPU
		Release|Any CPU = Release|Any CPU
	EndGlobalSection
	GlobalSection(ProjectConfigurationPlatforms) = postSolution
		{0AFD0F6B-CADF-4B10-89E9-A857A88AD7B2}.Debug|Any CPU.ActiveCfg = Debug|Any CPU
		{0AFD0F6B-CADF-4B10-89E9-A857A88AD7B2}.Debug|Any CPU.Build.0 = Debug|Any CPU
		{0AFD0F6B-CADF-4B10-89E9-A857A88AD7B2}.Release|Any CPU.ActiveCfg = Release|Any CPU
		{0AFD0F6B-CADF-4B10-89E9-A857A88AD7B2}.Release|Any CPU.Build.0 = Release|Any CPU
	EndGlobalSection
	GlobalSection(SolutionProperties) = preSolution
		HideSolutionNode = FALSE
	EndGlobalSection
	GlobalSection(ExtensibilityGlobals) = postSolution
		SolutionGuid = {9E845D57-EABD-4F1A-BD93-8E12C0116335}
	EndGlobalSection
EndGlobal
